
Microsoft Visual Studio Solution File, Format Version 12.00
# Visual Studio Version 17
VisualStudioVersion = 17.13.35825.156 d17.13
MinimumVisualStudioVersion = 10.0.40219.1
Project("{FAE04EC0-301F-11D3-BF4B-00C04F79EFBC}") = "tourism02", "tourism02\tourism02.csproj", "{1F773E87-2FDB-4BD3-B14A-C7777E6469A4}"
EndProject
Global
	GlobalSection(SolutionConfigurationPlatforms) = preSolution
		Debug|Any CPU = Debug|Any CPU
		Release|Any CPU = Release|Any CPU
	EndGlobalSection
	GlobalSection(ProjectConfigurationPlatforms) = postSolution
		{1F773E87-2FDB-4BD3-B14A-C7777E6469A4}.Debug|Any CPU.ActiveCfg = Debug|Any CPU
		{1F773E87-2FDB-4BD3-B14A-C7777E6469A4}.Debug|Any CPU.Build.0 = Debug|Any CPU
		{1F773E87-2FDB-4BD3-B14A-C7777E6469A4}.Release|Any CPU.ActiveCfg = Release|Any CPU
		{1F773E87-2FDB-4BD3-B14A-C7777E6469A4}.Release|Any CPU.Build.0 = Release|Any CPU
	EndGlobalSection
	GlobalSection(SolutionProperties) = preSolution
		HideSolutionNode = FALSE
	EndGlobalSection
	GlobalSection(ExtensibilityGlobals) = postSolution
		SolutionGuid = {32D7AA42-9D1D-40E7-9576-2AF5CAD7C1A3}
	EndGlobalSection
EndGlobal
